
Microsoft Visual Studio Solution File, Format Version 12.00
# Visual Studio Version 17
VisualStudioVersion = 17.7.34018.315
MinimumVisualStudioVersion = 10.0.40219.1
Project("{9A19103F-16F7-4668-BE54-9A1E7A4F7556}") = "Despensa.Server", "Despensa\Server\Despensa.Server.csproj", "{CD0D37D3-FC4F-401D-AB4B-3760774DB7B1}"
EndProject
Project("{9A19103F-16F7-4668-BE54-9A1E7A4F7556}") = "Despensa.Client", "Despensa\Client\Despensa.Client.csproj", "{C6DED6FB-9677-4346-86B6-86228DAE3281}"
EndProject
Project("{9A19103F-16F7-4668-BE54-9A1E7A4F7556}") = "Despensa.Shared", "Despensa\Shared\Despensa.Shared.csproj", "{6FFBA849-1624-4EF0-B539-6A88C5561E4E}"
EndProject
Project("{9A19103F-16F7-4668-BE54-9A1E7A4F7556}") = "Despensa.BD", "Despensa\Despensa.BD\Despensa.BD.csproj", "{72FF0793-3FB3-4E91-84FE-EFD77CAB8BEA}"
EndProject
Global
	GlobalSection(SolutionConfigurationPlatforms) = preSolution
		Debug|Any CPU = Debug|Any CPU
		Release|Any CPU = Release|Any CPU
	EndGlobalSection
	GlobalSection(ProjectConfigurationPlatforms) = postSolution
		{CD0D37D3-FC4F-401D-AB4B-3760774DB7B1}.Debug|Any CPU.ActiveCfg = Debug|Any CPU
		{CD0D37D3-FC4F-401D-AB4B-3760774DB7B1}.Debug|Any CPU.Build.0 = Debug|Any CPU
		{CD0D37D3-FC4F-401D-AB4B-3760774DB7B1}.Release|Any CPU.ActiveCfg = Release|Any CPU
		{CD0D37D3-FC4F-401D-AB4B-3760774DB7B1}.Release|Any CPU.Build.0 = Release|Any CPU
		{C6DED6FB-9677-4346-86B6-86228DAE3281}.Debug|Any CPU.ActiveCfg = Debug|Any CPU
		{C6DED6FB-9677-4346-86B6-86228DAE3281}.Debug|Any CPU.Build.0 = Debug|Any CPU
		{C6DED6FB-9677-4346-86B6-86228DAE3281}.Release|Any CPU.ActiveCfg = Release|Any CPU
		{C6DED6FB-9677-4346-86B6-86228DAE3281}.Release|Any CPU.Build.0 = Release|Any CPU
		{6FFBA849-1624-4EF0-B539-6A88C5561E4E}.Debug|Any CPU.ActiveCfg = Debug|Any CPU
		{6FFBA849-1624-4EF0-B539-6A88C5561E4E}.Debug|Any CPU.Build.0 = Debug|Any CPU
		{6FFBA849-1624-4EF0-B539-6A88C5561E4E}.Release|Any CPU.ActiveCfg = Release|Any CPU
		{6FFBA849-1624-4EF0-B539-6A88C5561E4E}.Release|Any CPU.Build.0 = Release|Any CPU
		{72FF0793-3FB3-4E91-84FE-EFD77CAB8BEA}.Debug|Any CPU.ActiveCfg = Debug|Any CPU
		{72FF0793-3FB3-4E91-84FE-EFD77CAB8BEA}.Debug|Any CPU.Build.0 = Debug|Any CPU
		{72FF0793-3FB3-4E91-84FE-EFD77CAB8BEA}.Release|Any CPU.ActiveCfg = Release|Any CPU
		{72FF0793-3FB3-4E91-84FE-EFD77CAB8BEA}.Release|Any CPU.Build.0 = Release|Any CPU
	EndGlobalSection
	GlobalSection(SolutionProperties) = preSolution
		HideSolutionNode = FALSE
	EndGlobalSection
	GlobalSection(ExtensibilityGlobals) = postSolution
		SolutionGuid = {D7A611C3-E309-40E1-A8AD-F2E7BE3988B2}
	EndGlobalSection
EndGlobal
